Microsoft Visual Studio Solution File, Format Version 11.00
# Visual Studio 2008

Project("{4007A8DF-1F03-4543-C15C-B6E60AE4AA34}") = "Kinect_clothes", "Assembly-CSharp-firstpass.csproj", "{83F6C1AD-11C4-9D47-17E5-5D3BF8B3C8FC}"
EndProject
Project("{4007A8DF-1F03-4543-C15C-B6E60AE4AA34}") = "Kinect_clothes", "Assembly-CSharp.csproj", "{1ACE43E6-7630-1CC3-0B69-E7B07BBF2119}"
EndProject
Global
	GlobalSection(SolutionConfigurationPlatforms) = preSolution
		Debug|Any CPU = Debug|Any CPU
		Release|Any CPU = Release|Any CPU
	EndGlobalSection
	GlobalSection(ProjectConfigurationPlatforms) = postSolution
		{83F6C1AD-11C4-9D47-17E5-5D3BF8B3C8FC}.Debug|Any CPU.ActiveCfg = Debug|Any CPU
		{83F6C1AD-11C4-9D47-17E5-5D3BF8B3C8FC}.Debug|Any CPU.Build.0 = Debug|Any CPU
		{83F6C1AD-11C4-9D47-17E5-5D3BF8B3C8FC}.Release|Any CPU.ActiveCfg = Release|Any CPU
		{83F6C1AD-11C4-9D47-17E5-5D3BF8B3C8FC}.Release|Any CPU.Build.0 = Release|Any CPU
		{1ACE43E6-7630-1CC3-0B69-E7B07BBF2119}.Debug|Any CPU.ActiveCfg = Debug|Any CPU
		{1ACE43E6-7630-1CC3-0B69-E7B07BBF2119}.Debug|Any CPU.Build.0 = Debug|Any CPU
		{1ACE43E6-7630-1CC3-0B69-E7B07BBF2119}.Release|Any CPU.ActiveCfg = Release|Any CPU
		{1ACE43E6-7630-1CC3-0B69-E7B07BBF2119}.Release|Any CPU.Build.0 = Release|Any CPU
	EndGlobalSection
	GlobalSection(SolutionProperties) = preSolution
		HideSolutionNode = FALSE
	EndGlobalSection
														GlobalSection(MonoDevelopProperties) = preSolution
		StartupItem = Assembly-CSharp.csproj
		Policies = $0
		$0.TextStylePolicy = $1
		$1.inheritsSet = null
		$1.scope = text/x-csharp
		$0.CSharpFormattingPolicy = $2
		$2.inheritsSet = Mono
		$2.inheritsScope = text/x-csharp
		$2.scope = text/x-csharp
		$0.TextStylePolicy = $3
		$3.FileWidth = 120
		$3.TabWidth = 4
		$3.EolMarker = Unix
		$3.inheritsSet = Mono
		$3.inheritsScope = text/plain
		$3.scope = text/plain
	EndGlobalSection

EndGlobal
